
Microsoft Visual Studio Solution File, Format Version 12.00
# Visual Studio Express 15 for Windows Desktop
VisualStudioVersion = 15.0.28307.168
MinimumVisualStudioVersion = 10.0.40219.1
Project("{FAE04EC0-301F-11D3-BF4B-00C04F79EFBC}") = "Assembler", "Assembler\Assembler.csproj", "{328F4CF4-15E0-4D16-A55E-6AA0DA1BF636}"
EndProject
Global
	GlobalSection(SolutionConfigurationPlatforms) = preSolution
		Debug|Any CPU = Debug|Any CPU
		Release|Any CPU = Release|Any CPU
	EndGlobalSection
	GlobalSection(ProjectConfigurationPlatforms) = postSolution
		{328F4CF4-15E0-4D16-A55E-6AA0DA1BF636}.Debug|Any CPU.ActiveCfg = Debug|Any CPU
		{328F4CF4-15E0-4D16-A55E-6AA0DA1BF636}.Debug|Any CPU.Build.0 = Debug|Any CPU
		{328F4CF4-15E0-4D16-A55E-6AA0DA1BF636}.Release|Any CPU.ActiveCfg = Release|Any CPU
		{328F4CF4-15E0-4D16-A55E-6AA0DA1BF636}.Release|Any CPU.Build.0 = Release|Any CPU
	EndGlobalSection
	GlobalSection(SolutionProperties) = preSolution
		HideSolutionNode = FALSE
	EndGlobalSection
	GlobalSection(ExtensibilityGlobals) = postSolution
		SolutionGuid = {62E2915E-A835-411C-8655-3A5F5A16A56E}
	EndGlobalSection
EndGlobal
