
Microsoft Visual Studio Solution File, Format Version 12.00
# Visual Studio Express 15 for Windows Desktop
VisualStudioVersion = 15.0.28307.168
MinimumVisualStudioVersion = 10.0.40219.1
Project("{FAE04EC0-301F-11D3-BF4B-00C04F79EFBC}") = "VMtoASM", "VMtoASM\VMtoASM.csproj", "{EC8DF972-93ED-487D-A716-F10D2F209C4A}"
EndProject
Global
	GlobalSection(SolutionConfigurationPlatforms) = preSolution
		Debug|Any CPU = Debug|Any CPU
		Release|Any CPU = Release|Any CPU
	EndGlobalSection
	GlobalSection(ProjectConfigurationPlatforms) = postSolution
		{EC8DF972-93ED-487D-A716-F10D2F209C4A}.Debug|Any CPU.ActiveCfg = Debug|Any CPU
		{EC8DF972-93ED-487D-A716-F10D2F209C4A}.Debug|Any CPU.Build.0 = Debug|Any CPU
		{EC8DF972-93ED-487D-A716-F10D2F209C4A}.Release|Any CPU.ActiveCfg = Release|Any CPU
		{EC8DF972-93ED-487D-A716-F10D2F209C4A}.Release|Any CPU.Build.0 = Release|Any CPU
	EndGlobalSection
	GlobalSection(SolutionProperties) = preSolution
		HideSolutionNode = FALSE
	EndGlobalSection
	GlobalSection(ExtensibilityGlobals) = postSolution
		SolutionGuid = {6789134C-ACD8-4599-BA8B-9CC8670A5F57}
	EndGlobalSection
EndGlobal
